
Microsoft Visual Studio Solution File, Format Version 12.00
# Visual Studio Version 16
VisualStudioVersion = 16.0.28803.156
MinimumVisualStudioVersion = 10.0.40219.1
Project("{FAE04EC0-301F-11D3-BF4B-00C04F79EFBC}") = "WebApplication4", "WebApplication4\WebApplication4.csproj", "{9AE17691-0DA9-457E-9A3C-660DD6499EDE}"
EndProject
Global
	GlobalSection(SolutionConfigurationPlatforms) = preSolution
		Debug|Any CPU = Debug|Any CPU
		Release|Any CPU = Release|Any CPU
	EndGlobalSection
	GlobalSection(ProjectConfigurationPlatforms) = postSolution
		{9AE17691-0DA9-457E-9A3C-660DD6499EDE}.Debug|Any CPU.ActiveCfg = Debug|Any CPU
		{9AE17691-0DA9-457E-9A3C-660DD6499EDE}.Debug|Any CPU.Build.0 = Debug|Any CPU
		{9AE17691-0DA9-457E-9A3C-660DD6499EDE}.Release|Any CPU.ActiveCfg = Release|Any CPU
		{9AE17691-0DA9-457E-9A3C-660DD6499EDE}.Release|Any CPU.Build.0 = Release|Any CPU
	EndGlobalSection
	GlobalSection(SolutionProperties) = preSolution
		HideSolutionNode = FALSE
	EndGlobalSection
	GlobalSection(ExtensibilityGlobals) = postSolution
		SolutionGuid = {F05E9EBE-DDF7-4D0D-994F-28B5D547666A}
	EndGlobalSection
EndGlobal
